
Microsoft Visual Studio Solution File, Format Version 12.00
# Visual Studio 2013
VisualStudioVersion = 12.0.31101.0
MinimumVisualStudioVersion = 10.0.40219.1
Project("{2150E333-8FDC-42A3-9474-1A3956D46DE8}") = "_Libraries", "_Libraries", "{2807ED1B-3999-419B-AD27-6AE3D653A2D2}"
EndProject
Project("{FAE04EC0-301F-11D3-BF4B-00C04F79EFBC}") = "Test", "Test\Test.csproj", "{BF291B40-07C5-4174-AA61-D2E863596340}"
	ProjectSection(ProjectDependencies) = postProject
		{D885381B-FEB1-33A5-9317-C4C05375F44D} = {D885381B-FEB1-33A5-9317-C4C05375F44D}
		{3D4048E9-EC1A-4108-893E-D43B155BACE0} = {3D4048E9-EC1A-4108-893E-D43B155BACE0}
	EndProjectSection
EndProject
Project("{FAE04EC0-301F-11D3-BF4B-00C04F79EFBC}") = "SocketServer", "Libraries\SocketServer\SocketServer.csproj", "{3D4048E9-EC1A-4108-893E-D43B155BACE0}"
EndProject
Project("{FAE04EC0-301F-11D3-BF4B-00C04F79EFBC}") = "SocketServer.Server.GameLift", "Libraries\SocketServer.GameLift\SocketServer.Server.GameLift.csproj", "{86A69065-08C2-4566-BC8A-BCBF2E46393F}"
EndProject
Project("{8BC9CEB8-8B4A-11D0-8D11-00A0C91BC942}") = "aws-cpp-sdk-gamelift-server", "ext\aws\GameLiftServerSDK_3_1_1\build\gamelift-server-sdk\aws-cpp-sdk-gamelift-server.vcxproj", "{D885381B-FEB1-33A5-9317-C4C05375F44D}"
EndProject
Project("{FAE04EC0-301F-11D3-BF4B-00C04F79EFBC}") = "SocketServer.Server", "SocketServer.Server\SocketServer.Server.csproj", "{AE9CFE97-4E2C-4026-9933-029CA44EC20C}"
EndProject
Project("{2150E333-8FDC-42A3-9474-1A3956D46DE8}") = "Demos", "Demos", "{5553890B-A156-4373-9EF5-35830E210A44}"
EndProject
Project("{2150E333-8FDC-42A3-9474-1A3956D46DE8}") = "Calculator", "Calculator", "{3CAF2A24-C7F3-4D9F-9BD4-9A8AEB5A88DE}"
EndProject
Project("{FAE04EC0-301F-11D3-BF4B-00C04F79EFBC}") = "Calculator.Client", "Demos\Calculator\Client\Calculator.Client.csproj", "{57A1DA8A-9202-468F-8D07-3403D6C86016}"
EndProject
Project("{FAE04EC0-301F-11D3-BF4B-00C04F79EFBC}") = "Calculator.Server", "Demos\Calculator\Server\Calculator.Server.csproj", "{30363BC3-57CD-44B5-86C6-99F188B04416}"
EndProject
Project("{FAE04EC0-301F-11D3-BF4B-00C04F79EFBC}") = "CalculatorTests", "Demos\Calculator\Tests\CalculatorTests.csproj", "{426A776B-1E24-4C62-9FFA-80C768B0B356}"
EndProject
Project("{2150E333-8FDC-42A3-9474-1A3956D46DE8}") = "BouncyBall", "BouncyBall", "{03CE37ED-FD86-47AC-9614-5E634DA79480}"
EndProject
Project("{FAE04EC0-301F-11D3-BF4B-00C04F79EFBC}") = "BouncyBall.DemoApp", "Demos\BouncyBall\DemoApp\BouncyBall.DemoApp.csproj", "{8C9860EC-030A-4BD7-87E2-9A29E376C160}"
EndProject
Project("{FAE04EC0-301F-11D3-BF4B-00C04F79EFBC}") = "BouncyBall.Messages", "Demos\BouncyBall\Messages\BouncyBall.Messages.csproj", "{ED62EE5C-53A6-40BB-ABA9-61FB0B091E0D}"
EndProject
Project("{FAE04EC0-301F-11D3-BF4B-00C04F79EFBC}") = "BouncyBall.Server", "Demos\BouncyBall\Server\BouncyBall.Server.csproj", "{57ABDB7E-8509-44E4-8435-603A375B9F09}"
EndProject
Project("{FAE04EC0-301F-11D3-BF4B-00C04F79EFBC}") = "Calculator.Messages", "Demos\Calculator\Messages\Calculator.Messages.csproj", "{47091F6C-B9E4-4FBD-B273-25D86736E8FA}"
EndProject
Project("{FAE04EC0-301F-11D3-BF4B-00C04F79EFBC}") = "BouncyBall.Client", "Demos\BouncyBall\Client\BouncyBall.Client.csproj", "{B9C61B4A-95E9-4D3A-96B7-4FEEFFFE3935}"
EndProject
Global
	GlobalSection(SolutionConfigurationPlatforms) = preSolution
		Debug|Any CPU = Debug|Any CPU
		Debug|Mixed Platforms = Debug|Mixed Platforms
		Debug|Win32 = Debug|Win32
		Debug|x64 = Debug|x64
		DebugDLL|Any CPU = DebugDLL|Any CPU
		DebugDLL|Mixed Platforms = DebugDLL|Mixed Platforms
		DebugDLL|Win32 = DebugDLL|Win32
		DebugDLL|x64 = DebugDLL|x64
		MinSizeRel|Any CPU = MinSizeRel|Any CPU
		MinSizeRel|Mixed Platforms = MinSizeRel|Mixed Platforms
		MinSizeRel|Win32 = MinSizeRel|Win32
		MinSizeRel|x64 = MinSizeRel|x64
		Release|Any CPU = Release|Any CPU
		Release|Mixed Platforms = Release|Mixed Platforms
		Release|Win32 = Release|Win32
		Release|x64 = Release|x64
		RelWithDebInfo|Any CPU = RelWithDebInfo|Any CPU
		RelWithDebInfo|Mixed Platforms = RelWithDebInfo|Mixed Platforms
		RelWithDebInfo|Win32 = RelWithDebInfo|Win32
		RelWithDebInfo|x64 = RelWithDebInfo|x64
	EndGlobalSection
	GlobalSection(ProjectConfigurationPlatforms) = postSolution
		{BF291B40-07C5-4174-AA61-D2E863596340}.Debug|Any CPU.ActiveCfg = Debug|Any CPU
		{BF291B40-07C5-4174-AA61-D2E863596340}.Debug|Any CPU.Build.0 = Debug|Any CPU
		{BF291B40-07C5-4174-AA61-D2E863596340}.Debug|Mixed Platforms.ActiveCfg = Debug|Any CPU
		{BF291B40-07C5-4174-AA61-D2E863596340}.Debug|Mixed Platforms.Build.0 = Debug|Any CPU
		{BF291B40-07C5-4174-AA61-D2E863596340}.Debug|Win32.ActiveCfg = Debug|Any CPU
		{BF291B40-07C5-4174-AA61-D2E863596340}.Debug|x64.ActiveCfg = Debug|Any CPU
		{BF291B40-07C5-4174-AA61-D2E863596340}.DebugDLL|Any CPU.ActiveCfg = Debug|Any CPU
		{BF291B40-07C5-4174-AA61-D2E863596340}.DebugDLL|Any CPU.Build.0 = Debug|Any CPU
		{BF291B40-07C5-4174-AA61-D2E863596340}.DebugDLL|Mixed Platforms.ActiveCfg = Debug|Any CPU
		{BF291B40-07C5-4174-AA61-D2E863596340}.DebugDLL|Mixed Platforms.Build.0 = Debug|Any CPU
		{BF291B40-07C5-4174-AA61-D2E863596340}.DebugDLL|Win32.ActiveCfg = Debug|Any CPU
		{BF291B40-07C5-4174-AA61-D2E863596340}.DebugDLL|x64.ActiveCfg = Debug|Any CPU
		{BF291B40-07C5-4174-AA61-D2E863596340}.MinSizeRel|Any CPU.ActiveCfg = Release|Any CPU
		{BF291B40-07C5-4174-AA61-D2E863596340}.MinSizeRel|Any CPU.Build.0 = Release|Any CPU
		{BF291B40-07C5-4174-AA61-D2E863596340}.MinSizeRel|Mixed Platforms.ActiveCfg = Release|Any CPU
		{BF291B40-07C5-4174-AA61-D2E863596340}.MinSizeRel|Mixed Platforms.Build.0 = Release|Any CPU
		{BF291B40-07C5-4174-AA61-D2E863596340}.MinSizeRel|Win32.ActiveCfg = Release|Any CPU
		{BF291B40-07C5-4174-AA61-D2E863596340}.MinSizeRel|x64.ActiveCfg = Release|Any CPU
		{BF291B40-07C5-4174-AA61-D2E863596340}.Release|Any CPU.ActiveCfg = Release|Any CPU
		{BF291B40-07C5-4174-AA61-D2E863596340}.Release|Any CPU.Build.0 = Release|Any CPU
		{BF291B40-07C5-4174-AA61-D2E863596340}.Release|Mixed Platforms.ActiveCfg = Release|Any CPU
		{BF291B40-07C5-4174-AA61-D2E863596340}.Release|Mixed Platforms.Build.0 = Release|Any CPU
		{BF291B40-07C5-4174-AA61-D2E863596340}.Release|Win32.ActiveCfg = Release|Any CPU
		{BF291B40-07C5-4174-AA61-D2E863596340}.Release|x64.ActiveCfg = Release|Any CPU
		{BF291B40-07C5-4174-AA61-D2E863596340}.RelWithDebInfo|Any CPU.ActiveCfg = Release|Any CPU
		{BF291B40-07C5-4174-AA61-D2E863596340}.RelWithDebInfo|Any CPU.Build.0 = Release|Any CPU
		{BF291B40-07C5-4174-AA61-D2E863596340}.RelWithDebInfo|Mixed Platforms.ActiveCfg = Release|Any CPU
		{BF291B40-07C5-4174-AA61-D2E863596340}.RelWithDebInfo|Mixed Platforms.Build.0 = Release|Any CPU
		{BF291B40-07C5-4174-AA61-D2E863596340}.RelWithDebInfo|Win32.ActiveCfg = Release|Any CPU
		{BF291B40-07C5-4174-AA61-D2E863596340}.RelWithDebInfo|x64.ActiveCfg = Release|Any CPU
		{3D4048E9-EC1A-4108-893E-D43B155BACE0}.Debug|Any CPU.ActiveCfg = Debug|Any CPU
		{3D4048E9-EC1A-4108-893E-D43B155BACE0}.Debug|Any CPU.Build.0 = Debug|Any CPU
		{3D4048E9-EC1A-4108-893E-D43B155BACE0}.Debug|Mixed Platforms.ActiveCfg = Debug|Any CPU
		{3D4048E9-EC1A-4108-893E-D43B155BACE0}.Debug|Mixed Platforms.Build.0 = Debug|Any CPU
		{3D4048E9-EC1A-4108-893E-D43B155BACE0}.Debug|Win32.ActiveCfg = Debug|Any CPU
		{3D4048E9-EC1A-4108-893E-D43B155BACE0}.Debug|x64.ActiveCfg = Debug|Any CPU
		{3D4048E9-EC1A-4108-893E-D43B155BACE0}.DebugDLL|Any CPU.ActiveCfg = Debug|Any CPU
		{3D4048E9-EC1A-4108-893E-D43B155BACE0}.DebugDLL|Any CPU.Build.0 = Debug|Any CPU
		{3D4048E9-EC1A-4108-893E-D43B155BACE0}.DebugDLL|Mixed Platforms.ActiveCfg = Debug|Any CPU
		{3D4048E9-EC1A-4108-893E-D43B155BACE0}.DebugDLL|Mixed Platforms.Build.0 = Debug|Any CPU
		{3D4048E9-EC1A-4108-893E-D43B155BACE0}.DebugDLL|Win32.ActiveCfg = Debug|Any CPU
		{3D4048E9-EC1A-4108-893E-D43B155BACE0}.DebugDLL|x64.ActiveCfg = Debug|Any CPU
		{3D4048E9-EC1A-4108-893E-D43B155BACE0}.MinSizeRel|Any CPU.ActiveCfg = Release|Any CPU
		{3D4048E9-EC1A-4108-893E-D43B155BACE0}.MinSizeRel|Any CPU.Build.0 = Release|Any CPU
		{3D4048E9-EC1A-4108-893E-D43B155BACE0}.MinSizeRel|Mixed Platforms.ActiveCfg = Release|Any CPU
		{3D4048E9-EC1A-4108-893E-D43B155BACE0}.MinSizeRel|Mixed Platforms.Build.0 = Release|Any CPU
		{3D4048E9-EC1A-4108-893E-D43B155BACE0}.MinSizeRel|Win32.ActiveCfg = Release|Any CPU
		{3D4048E9-EC1A-4108-893E-D43B155BACE0}.MinSizeRel|x64.ActiveCfg = Release|Any CPU
		{3D4048E9-EC1A-4108-893E-D43B155BACE0}.Release|Any CPU.ActiveCfg = Release|Any CPU
		{3D4048E9-EC1A-4108-893E-D43B155BACE0}.Release|Any CPU.Build.0 = Release|Any CPU
		{3D4048E9-EC1A-4108-893E-D43B155BACE0}.Release|Mixed Platforms.ActiveCfg = Release|Any CPU
		{3D4048E9-EC1A-4108-893E-D43B155BACE0}.Release|Mixed Platforms.Build.0 = Release|Any CPU
		{3D4048E9-EC1A-4108-893E-D43B155BACE0}.Release|Win32.ActiveCfg = Release|Any CPU
		{3D4048E9-EC1A-4108-893E-D43B155BACE0}.Release|x64.ActiveCfg = Release|Any CPU
		{3D4048E9-EC1A-4108-893E-D43B155BACE0}.RelWithDebInfo|Any CPU.ActiveCfg = Release|Any CPU
		{3D4048E9-EC1A-4108-893E-D43B155BACE0}.RelWithDebInfo|Any CPU.Build.0 = Release|Any CPU
		{3D4048E9-EC1A-4108-893E-D43B155BACE0}.RelWithDebInfo|Mixed Platforms.ActiveCfg = Release|Any CPU
		{3D4048E9-EC1A-4108-893E-D43B155BACE0}.RelWithDebInfo|Mixed Platforms.Build.0 = Release|Any CPU
		{3D4048E9-EC1A-4108-893E-D43B155BACE0}.RelWithDebInfo|Win32.ActiveCfg = Release|Any CPU
		{3D4048E9-EC1A-4108-893E-D43B155BACE0}.RelWithDebInfo|x64.ActiveCfg = Release|Any CPU
		{86A69065-08C2-4566-BC8A-BCBF2E46393F}.Debug|Any CPU.ActiveCfg = Debug|Any CPU
		{86A69065-08C2-4566-BC8A-BCBF2E46393F}.Debug|Any CPU.Build.0 = Debug|Any CPU
		{86A69065-08C2-4566-BC8A-BCBF2E46393F}.Debug|Mixed Platforms.ActiveCfg = Debug|Any CPU
		{86A69065-08C2-4566-BC8A-BCBF2E46393F}.Debug|Mixed Platforms.Build.0 = Debug|Any CPU
		{86A69065-08C2-4566-BC8A-BCBF2E46393F}.Debug|Win32.ActiveCfg = Debug|Any CPU
		{86A69065-08C2-4566-BC8A-BCBF2E46393F}.Debug|x64.ActiveCfg = Debug|Any CPU
		{86A69065-08C2-4566-BC8A-BCBF2E46393F}.DebugDLL|Any CPU.ActiveCfg = Debug|Any CPU
		{86A69065-08C2-4566-BC8A-BCBF2E46393F}.DebugDLL|Any CPU.Build.0 = Debug|Any CPU
		{86A69065-08C2-4566-BC8A-BCBF2E46393F}.DebugDLL|Mixed Platforms.ActiveCfg = Debug|Any CPU
		{86A69065-08C2-4566-BC8A-BCBF2E46393F}.DebugDLL|Mixed Platforms.Build.0 = Debug|Any CPU
		{86A69065-08C2-4566-BC8A-BCBF2E46393F}.DebugDLL|Win32.ActiveCfg = Debug|Any CPU
		{86A69065-08C2-4566-BC8A-BCBF2E46393F}.DebugDLL|x64.ActiveCfg = Debug|Any CPU
		{86A69065-08C2-4566-BC8A-BCBF2E46393F}.MinSizeRel|Any CPU.ActiveCfg = Release|Any CPU
		{86A69065-08C2-4566-BC8A-BCBF2E46393F}.MinSizeRel|Any CPU.Build.0 = Release|Any CPU
		{86A69065-08C2-4566-BC8A-BCBF2E46393F}.MinSizeRel|Mixed Platforms.ActiveCfg = Release|Any CPU
		{86A69065-08C2-4566-BC8A-BCBF2E46393F}.MinSizeRel|Mixed Platforms.Build.0 = Release|Any CPU
		{86A69065-08C2-4566-BC8A-BCBF2E46393F}.MinSizeRel|Win32.ActiveCfg = Release|Any CPU
		{86A69065-08C2-4566-BC8A-BCBF2E46393F}.MinSizeRel|x64.ActiveCfg = Release|Any CPU
		{86A69065-08C2-4566-BC8A-BCBF2E46393F}.Release|Any CPU.ActiveCfg = Release|Any CPU
		{86A69065-08C2-4566-BC8A-BCBF2E46393F}.Release|Any CPU.Build.0 = Release|Any CPU
		{86A69065-08C2-4566-BC8A-BCBF2E46393F}.Release|Mixed Platforms.ActiveCfg = Release|Any CPU
		{86A69065-08C2-4566-BC8A-BCBF2E46393F}.Release|Mixed Platforms.Build.0 = Release|Any CPU
		{86A69065-08C2-4566-BC8A-BCBF2E46393F}.Release|Win32.ActiveCfg = Release|Any CPU
		{86A69065-08C2-4566-BC8A-BCBF2E46393F}.Release|x64.ActiveCfg = Release|Any CPU
		{86A69065-08C2-4566-BC8A-BCBF2E46393F}.RelWithDebInfo|Any CPU.ActiveCfg = Release|Any CPU
		{86A69065-08C2-4566-BC8A-BCBF2E46393F}.RelWithDebInfo|Any CPU.Build.0 = Release|Any CPU
		{86A69065-08C2-4566-BC8A-BCBF2E46393F}.RelWithDebInfo|Mixed Platforms.ActiveCfg = Release|Any CPU
		{86A69065-08C2-4566-BC8A-BCBF2E46393F}.RelWithDebInfo|Mixed Platforms.Build.0 = Release|Any CPU
		{86A69065-08C2-4566-BC8A-BCBF2E46393F}.RelWithDebInfo|Win32.ActiveCfg = Release|Any CPU
		{86A69065-08C2-4566-BC8A-BCBF2E46393F}.RelWithDebInfo|x64.ActiveCfg = Release|Any CPU
		{D885381B-FEB1-33A5-9317-C4C05375F44D}.Debug|Any CPU.ActiveCfg = Debug|x64
		{D885381B-FEB1-33A5-9317-C4C05375F44D}.Debug|Mixed Platforms.ActiveCfg = DebugDLL|x64
		{D885381B-FEB1-33A5-9317-C4C05375F44D}.Debug|Mixed Platforms.Build.0 = DebugDLL|x64
		{D885381B-FEB1-33A5-9317-C4C05375F44D}.Debug|Win32.ActiveCfg = Debug|x64
		{D885381B-FEB1-33A5-9317-C4C05375F44D}.Debug|x64.ActiveCfg = Debug|x64
		{D885381B-FEB1-33A5-9317-C4C05375F44D}.Debug|x64.Build.0 = Debug|x64
		{D885381B-FEB1-33A5-9317-C4C05375F44D}.DebugDLL|Any CPU.ActiveCfg = Debug|x64
		{D885381B-FEB1-33A5-9317-C4C05375F44D}.DebugDLL|Mixed Platforms.ActiveCfg = Debug|x64
		{D885381B-FEB1-33A5-9317-C4C05375F44D}.DebugDLL|Mixed Platforms.Build.0 = Debug|x64
		{D885381B-FEB1-33A5-9317-C4C05375F44D}.DebugDLL|Win32.ActiveCfg = Debug|x64
		{D885381B-FEB1-33A5-9317-C4C05375F44D}.DebugDLL|x64.ActiveCfg = Debug|x64
		{D885381B-FEB1-33A5-9317-C4C05375F44D}.DebugDLL|x64.Build.0 = Debug|x64
		{D885381B-FEB1-33A5-9317-C4C05375F44D}.MinSizeRel|Any CPU.ActiveCfg = MinSizeRel|x64
		{D885381B-FEB1-33A5-9317-C4C05375F44D}.MinSizeRel|Mixed Platforms.ActiveCfg = MinSizeRel|x64
		{D885381B-FEB1-33A5-9317-C4C05375F44D}.MinSizeRel|Mixed Platforms.Build.0 = MinSizeRel|x64
		{D885381B-FEB1-33A5-9317-C4C05375F44D}.MinSizeRel|Win32.ActiveCfg = MinSizeRel|x64
		{D885381B-FEB1-33A5-9317-C4C05375F44D}.MinSizeRel|x64.ActiveCfg = MinSizeRel|x64
		{D885381B-FEB1-33A5-9317-C4C05375F44D}.MinSizeRel|x64.Build.0 = MinSizeRel|x64
		{D885381B-FEB1-33A5-9317-C4C05375F44D}.Release|Any CPU.ActiveCfg = Release|x64
		{D885381B-FEB1-33A5-9317-C4C05375F44D}.Release|Mixed Platforms.ActiveCfg = Release|x64
		{D885381B-FEB1-33A5-9317-C4C05375F44D}.Release|Mixed Platforms.Build.0 = Release|x64
		{D885381B-FEB1-33A5-9317-C4C05375F44D}.Release|Win32.ActiveCfg = Release|x64
		{D885381B-FEB1-33A5-9317-C4C05375F44D}.Release|x64.ActiveCfg = Release|x64
		{D885381B-FEB1-33A5-9317-C4C05375F44D}.Release|x64.Build.0 = Release|x64
		{D885381B-FEB1-33A5-9317-C4C05375F44D}.RelWithDebInfo|Any CPU.ActiveCfg = RelWithDebInfo|x64
		{D885381B-FEB1-33A5-9317-C4C05375F44D}.RelWithDebInfo|Mixed Platforms.ActiveCfg = RelWithDebInfo|x64
		{D885381B-FEB1-33A5-9317-C4C05375F44D}.RelWithDebInfo|Mixed Platforms.Build.0 = RelWithDebInfo|x64
		{D885381B-FEB1-33A5-9317-C4C05375F44D}.RelWithDebInfo|Win32.ActiveCfg = RelWithDebInfo|x64
		{D885381B-FEB1-33A5-9317-C4C05375F44D}.RelWithDebInfo|x64.ActiveCfg = RelWithDebInfo|x64
		{D885381B-FEB1-33A5-9317-C4C05375F44D}.RelWithDebInfo|x64.Build.0 = RelWithDebInfo|x64
		{AE9CFE97-4E2C-4026-9933-029CA44EC20C}.Debug|Any CPU.ActiveCfg = Debug|Any CPU
		{AE9CFE97-4E2C-4026-9933-029CA44EC20C}.Debug|Any CPU.Build.0 = Debug|Any CPU
		{AE9CFE97-4E2C-4026-9933-029CA44EC20C}.Debug|Mixed Platforms.ActiveCfg = Debug|Any CPU
		{AE9CFE97-4E2C-4026-9933-029CA44EC20C}.Debug|Mixed Platforms.Build.0 = Debug|Any CPU
		{AE9CFE97-4E2C-4026-9933-029CA44EC20C}.Debug|Win32.ActiveCfg = Debug|Any CPU
		{AE9CFE97-4E2C-4026-9933-029CA44EC20C}.Debug|x64.ActiveCfg = Debug|Any CPU
		{AE9CFE97-4E2C-4026-9933-029CA44EC20C}.DebugDLL|Any CPU.ActiveCfg = Debug|Any CPU
		{AE9CFE97-4E2C-4026-9933-029CA44EC20C}.DebugDLL|Any CPU.Build.0 = Debug|Any CPU
		{AE9CFE97-4E2C-4026-9933-029CA44EC20C}.DebugDLL|Mixed Platforms.ActiveCfg = Debug|Any CPU
		{AE9CFE97-4E2C-4026-9933-029CA44EC20C}.DebugDLL|Mixed Platforms.Build.0 = Debug|Any CPU
		{AE9CFE97-4E2C-4026-9933-029CA44EC20C}.DebugDLL|Win32.ActiveCfg = Debug|Any CPU
		{AE9CFE97-4E2C-4026-9933-029CA44EC20C}.DebugDLL|x64.ActiveCfg = Debug|Any CPU
		{AE9CFE97-4E2C-4026-9933-029CA44EC20C}.MinSizeRel|Any CPU.ActiveCfg = Release|Any CPU
		{AE9CFE97-4E2C-4026-9933-029CA44EC20C}.MinSizeRel|Any CPU.Build.0 = Release|Any CPU
		{AE9CFE97-4E2C-4026-9933-029CA44EC20C}.MinSizeRel|Mixed Platforms.ActiveCfg = Release|Any CPU
		{AE9CFE97-4E2C-4026-9933-029CA44EC20C}.MinSizeRel|Mixed Platforms.Build.0 = Release|Any CPU
		{AE9CFE97-4E2C-4026-9933-029CA44EC20C}.MinSizeRel|Win32.ActiveCfg = Release|Any CPU
		{AE9CFE97-4E2C-4026-9933-029CA44EC20C}.MinSizeRel|x64.ActiveCfg = Release|Any CPU
		{AE9CFE97-4E2C-4026-9933-029CA44EC20C}.Release|Any CPU.ActiveCfg = Release|Any CPU
		{AE9CFE97-4E2C-4026-9933-029CA44EC20C}.Release|Any CPU.Build.0 = Release|Any CPU
		{AE9CFE97-4E2C-4026-9933-029CA44EC20C}.Release|Mixed Platforms.ActiveCfg = Release|Any CPU
		{AE9CFE97-4E2C-4026-9933-029CA44EC20C}.Release|Mixed Platforms.Build.0 = Release|Any CPU
		{AE9CFE97-4E2C-4026-9933-029CA44EC20C}.Release|Win32.ActiveCfg = Release|Any CPU
		{AE9CFE97-4E2C-4026-9933-029CA44EC20C}.Release|x64.ActiveCfg = Release|Any CPU
		{AE9CFE97-4E2C-4026-9933-029CA44EC20C}.RelWithDebInfo|Any CPU.ActiveCfg = Release|Any CPU
		{AE9CFE97-4E2C-4026-9933-029CA44EC20C}.RelWithDebInfo|Any CPU.Build.0 = Release|Any CPU
		{AE9CFE97-4E2C-4026-9933-029CA44EC20C}.RelWithDebInfo|Mixed Platforms.ActiveCfg = Release|Any CPU
		{AE9CFE97-4E2C-4026-9933-029CA44EC20C}.RelWithDebInfo|Mixed Platforms.Build.0 = Release|Any CPU
		{AE9CFE97-4E2C-4026-9933-029CA44EC20C}.RelWithDebInfo|Win32.ActiveCfg = Release|Any CPU
		{AE9CFE97-4E2C-4026-9933-029CA44EC20C}.RelWithDebInfo|x64.ActiveCfg = Release|Any CPU
		{57A1DA8A-9202-468F-8D07-3403D6C86016}.Debug|Any CPU.ActiveCfg = Debug|Any CPU
		{57A1DA8A-9202-468F-8D07-3403D6C86016}.Debug|Any CPU.Build.0 = Debug|Any CPU
		{57A1DA8A-9202-468F-8D07-3403D6C86016}.Debug|Mixed Platforms.ActiveCfg = Debug|Any CPU
		{57A1DA8A-9202-468F-8D07-3403D6C86016}.Debug|Mixed Platforms.Build.0 = Debug|Any CPU
		{57A1DA8A-9202-468F-8D07-3403D6C86016}.Debug|Win32.ActiveCfg = Debug|Any CPU
		{57A1DA8A-9202-468F-8D07-3403D6C86016}.Debug|x64.ActiveCfg = Debug|Any CPU
		{57A1DA8A-9202-468F-8D07-3403D6C86016}.DebugDLL|Any CPU.ActiveCfg = Debug|Any CPU
		{57A1DA8A-9202-468F-8D07-3403D6C86016}.DebugDLL|Any CPU.Build.0 = Debug|Any CPU
		{57A1DA8A-9202-468F-8D07-3403D6C86016}.DebugDLL|Mixed Platforms.ActiveCfg = Debug|Any CPU
		{57A1DA8A-9202-468F-8D07-3403D6C86016}.DebugDLL|Mixed Platforms.Build.0 = Debug|Any CPU
		{57A1DA8A-9202-468F-8D07-3403D6C86016}.DebugDLL|Win32.ActiveCfg = Debug|Any CPU
		{57A1DA8A-9202-468F-8D07-3403D6C86016}.DebugDLL|x64.ActiveCfg = Debug|Any CPU
		{57A1DA8A-9202-468F-8D07-3403D6C86016}.MinSizeRel|Any CPU.ActiveCfg = Release|Any CPU
		{57A1DA8A-9202-468F-8D07-3403D6C86016}.MinSizeRel|Any CPU.Build.0 = Release|Any CPU
		{57A1DA8A-9202-468F-8D07-3403D6C86016}.MinSizeRel|Mixed Platforms.ActiveCfg = Release|Any CPU
		{57A1DA8A-9202-468F-8D07-3403D6C86016}.MinSizeRel|Mixed Platforms.Build.0 = Release|Any CPU
		{57A1DA8A-9202-468F-8D07-3403D6C86016}.MinSizeRel|Win32.ActiveCfg = Release|Any CPU
		{57A1DA8A-9202-468F-8D07-3403D6C86016}.MinSizeRel|x64.ActiveCfg = Release|Any CPU
		{57A1DA8A-9202-468F-8D07-3403D6C86016}.Release|Any CPU.ActiveCfg = Release|Any CPU
		{57A1DA8A-9202-468F-8D07-3403D6C86016}.Release|Any CPU.Build.0 = Release|Any CPU
		{57A1DA8A-9202-468F-8D07-3403D6C86016}.Release|Mixed Platforms.ActiveCfg = Release|Any CPU
		{57A1DA8A-9202-468F-8D07-3403D6C86016}.Release|Mixed Platforms.Build.0 = Release|Any CPU
		{57A1DA8A-9202-468F-8D07-3403D6C86016}.Release|Win32.ActiveCfg = Release|Any CPU
		{57A1DA8A-9202-468F-8D07-3403D6C86016}.Release|x64.ActiveCfg = Release|Any CPU
		{57A1DA8A-9202-468F-8D07-3403D6C86016}.RelWithDebInfo|Any CPU.ActiveCfg = Release|Any CPU
		{57A1DA8A-9202-468F-8D07-3403D6C86016}.RelWithDebInfo|Any CPU.Build.0 = Release|Any CPU
		{57A1DA8A-9202-468F-8D07-3403D6C86016}.RelWithDebInfo|Mixed Platforms.ActiveCfg = Release|Any CPU
		{57A1DA8A-9202-468F-8D07-3403D6C86016}.RelWithDebInfo|Mixed Platforms.Build.0 = Release|Any CPU
		{57A1DA8A-9202-468F-8D07-3403D6C86016}.RelWithDebInfo|Win32.ActiveCfg = Release|Any CPU
		{57A1DA8A-9202-468F-8D07-3403D6C86016}.RelWithDebInfo|x64.ActiveCfg = Release|Any CPU
		{30363BC3-57CD-44B5-86C6-99F188B04416}.Debug|Any CPU.ActiveCfg = Debug|Any CPU
		{30363BC3-57CD-44B5-86C6-99F188B04416}.Debug|Any CPU.Build.0 = Debug|Any CPU
		{30363BC3-57CD-44B5-86C6-99F188B04416}.Debug|Mixed Platforms.ActiveCfg = Debug|Any CPU
		{30363BC3-57CD-44B5-86C6-99F188B04416}.Debug|Mixed Platforms.Build.0 = Debug|Any CPU
		{30363BC3-57CD-44B5-86C6-99F188B04416}.Debug|Win32.ActiveCfg = Debug|Any CPU
		{30363BC3-57CD-44B5-86C6-99F188B04416}.Debug|x64.ActiveCfg = Debug|Any CPU
		{30363BC3-57CD-44B5-86C6-99F188B04416}.DebugDLL|Any CPU.ActiveCfg = Debug|Any CPU
		{30363BC3-57CD-44B5-86C6-99F188B04416}.DebugDLL|Any CPU.Build.0 = Debug|Any CPU
		{30363BC3-57CD-44B5-86C6-99F188B04416}.DebugDLL|Mixed Platforms.ActiveCfg = Debug|Any CPU
		{30363BC3-57CD-44B5-86C6-99F188B04416}.DebugDLL|Mixed Platforms.Build.0 = Debug|Any CPU
		{30363BC3-57CD-44B5-86C6-99F188B04416}.DebugDLL|Win32.ActiveCfg = Debug|Any CPU
		{30363BC3-57CD-44B5-86C6-99F188B04416}.DebugDLL|x64.ActiveCfg = Debug|Any CPU
		{30363BC3-57CD-44B5-86C6-99F188B04416}.MinSizeRel|Any CPU.ActiveCfg = Release|Any CPU
		{30363BC3-57CD-44B5-86C6-99F188B04416}.MinSizeRel|Any CPU.Build.0 = Release|Any CPU
		{30363BC3-57CD-44B5-86C6-99F188B04416}.MinSizeRel|Mixed Platforms.ActiveCfg = Release|Any CPU
		{30363BC3-57CD-44B5-86C6-99F188B04416}.MinSizeRel|Mixed Platforms.Build.0 = Release|Any CPU
		{30363BC3-57CD-44B5-86C6-99F188B04416}.MinSizeRel|Win32.ActiveCfg = Release|Any CPU
		{30363BC3-57CD-44B5-86C6-99F188B04416}.MinSizeRel|x64.ActiveCfg = Release|Any CPU
		{30363BC3-57CD-44B5-86C6-99F188B04416}.Release|Any CPU.ActiveCfg = Release|Any CPU
		{30363BC3-57CD-44B5-86C6-99F188B04416}.Release|Any CPU.Build.0 = Release|Any CPU
		{30363BC3-57CD-44B5-86C6-99F188B04416}.Release|Mixed Platforms.ActiveCfg = Release|Any CPU
		{30363BC3-57CD-44B5-86C6-99F188B04416}.Release|Mixed Platforms.Build.0 = Release|Any CPU
		{30363BC3-57CD-44B5-86C6-99F188B04416}.Release|Win32.ActiveCfg = Release|Any CPU
		{30363BC3-57CD-44B5-86C6-99F188B04416}.Release|x64.ActiveCfg = Release|Any CPU
		{30363BC3-57CD-44B5-86C6-99F188B04416}.RelWithDebInfo|Any CPU.ActiveCfg = Release|Any CPU
		{30363BC3-57CD-44B5-86C6-99F188B04416}.RelWithDebInfo|Any CPU.Build.0 = Release|Any CPU
		{30363BC3-57CD-44B5-86C6-99F188B04416}.RelWithDebInfo|Mixed Platforms.ActiveCfg = Release|Any CPU
		{30363BC3-57CD-44B5-86C6-99F188B04416}.RelWithDebInfo|Mixed Platforms.Build.0 = Release|Any CPU
		{30363BC3-57CD-44B5-86C6-99F188B04416}.RelWithDebInfo|Win32.ActiveCfg = Release|Any CPU
		{30363BC3-57CD-44B5-86C6-99F188B04416}.RelWithDebInfo|x64.ActiveCfg = Release|Any CPU
		{426A776B-1E24-4C62-9FFA-80C768B0B356}.Debug|Any CPU.ActiveCfg = Debug|Any CPU
		{426A776B-1E24-4C62-9FFA-80C768B0B356}.Debug|Any CPU.Build.0 = Debug|Any CPU
		{426A776B-1E24-4C62-9FFA-80C768B0B356}.Debug|Mixed Platforms.ActiveCfg = Debug|Any CPU
		{426A776B-1E24-4C62-9FFA-80C768B0B356}.Debug|Mixed Platforms.Build.0 = Debug|Any CPU
		{426A776B-1E24-4C62-9FFA-80C768B0B356}.Debug|Win32.ActiveCfg = Debug|Any CPU
		{426A776B-1E24-4C62-9FFA-80C768B0B356}.Debug|x64.ActiveCfg = Debug|Any CPU
		{426A776B-1E24-4C62-9FFA-80C768B0B356}.DebugDLL|Any CPU.ActiveCfg = Debug|Any CPU
		{426A776B-1E24-4C62-9FFA-80C768B0B356}.DebugDLL|Any CPU.Build.0 = Debug|Any CPU
		{426A776B-1E24-4C62-9FFA-80C768B0B356}.DebugDLL|Mixed Platforms.ActiveCfg = Debug|Any CPU
		{426A776B-1E24-4C62-9FFA-80C768B0B356}.DebugDLL|Mixed Platforms.Build.0 = Debug|Any CPU
		{426A776B-1E24-4C62-9FFA-80C768B0B356}.DebugDLL|Win32.ActiveCfg = Debug|Any CPU
		{426A776B-1E24-4C62-9FFA-80C768B0B356}.DebugDLL|x64.ActiveCfg = Debug|Any CPU
		{426A776B-1E24-4C62-9FFA-80C768B0B356}.MinSizeRel|Any CPU.ActiveCfg = Release|Any CPU
		{426A776B-1E24-4C62-9FFA-80C768B0B356}.MinSizeRel|Any CPU.Build.0 = Release|Any CPU
		{426A776B-1E24-4C62-9FFA-80C768B0B356}.MinSizeRel|Mixed Platforms.ActiveCfg = Release|Any CPU
		{426A776B-1E24-4C62-9FFA-80C768B0B356}.MinSizeRel|Mixed Platforms.Build.0 = Release|Any CPU
		{426A776B-1E24-4C62-9FFA-80C768B0B356}.MinSizeRel|Win32.ActiveCfg = Release|Any CPU
		{426A776B-1E24-4C62-9FFA-80C768B0B356}.MinSizeRel|x64.ActiveCfg = Release|Any CPU
		{426A776B-1E24-4C62-9FFA-80C768B0B356}.Release|Any CPU.ActiveCfg = Release|Any CPU
		{426A776B-1E24-4C62-9FFA-80C768B0B356}.Release|Any CPU.Build.0 = Release|Any CPU
		{426A776B-1E24-4C62-9FFA-80C768B0B356}.Release|Mixed Platforms.ActiveCfg = Release|Any CPU
		{426A776B-1E24-4C62-9FFA-80C768B0B356}.Release|Mixed Platforms.Build.0 = Release|Any CPU
		{426A776B-1E24-4C62-9FFA-80C768B0B356}.Release|Win32.ActiveCfg = Release|Any CPU
		{426A776B-1E24-4C62-9FFA-80C768B0B356}.Release|x64.ActiveCfg = Release|Any CPU
		{426A776B-1E24-4C62-9FFA-80C768B0B356}.RelWithDebInfo|Any CPU.ActiveCfg = Release|Any CPU
		{426A776B-1E24-4C62-9FFA-80C768B0B356}.RelWithDebInfo|Any CPU.Build.0 = Release|Any CPU
		{426A776B-1E24-4C62-9FFA-80C768B0B356}.RelWithDebInfo|Mixed Platforms.ActiveCfg = Release|Any CPU
		{426A776B-1E24-4C62-9FFA-80C768B0B356}.RelWithDebInfo|Mixed Platforms.Build.0 = Release|Any CPU
		{426A776B-1E24-4C62-9FFA-80C768B0B356}.RelWithDebInfo|Win32.ActiveCfg = Release|Any CPU
		{426A776B-1E24-4C62-9FFA-80C768B0B356}.RelWithDebInfo|x64.ActiveCfg = Release|Any CPU
		{8C9860EC-030A-4BD7-87E2-9A29E376C160}.Debug|Any CPU.ActiveCfg = Debug|Any CPU
		{8C9860EC-030A-4BD7-87E2-9A29E376C160}.Debug|Any CPU.Build.0 = Debug|Any CPU
		{8C9860EC-030A-4BD7-87E2-9A29E376C160}.Debug|Mixed Platforms.ActiveCfg = Debug|Any CPU
		{8C9860EC-030A-4BD7-87E2-9A29E376C160}.Debug|Mixed Platforms.Build.0 = Debug|Any CPU
		{8C9860EC-030A-4BD7-87E2-9A29E376C160}.Debug|Win32.ActiveCfg = Debug|Any CPU
		{8C9860EC-030A-4BD7-87E2-9A29E376C160}.Debug|x64.ActiveCfg = Debug|Any CPU
		{8C9860EC-030A-4BD7-87E2-9A29E376C160}.DebugDLL|Any CPU.ActiveCfg = Debug|Any CPU
		{8C9860EC-030A-4BD7-87E2-9A29E376C160}.DebugDLL|Any CPU.Build.0 = Debug|Any CPU
		{8C9860EC-030A-4BD7-87E2-9A29E376C160}.DebugDLL|Mixed Platforms.ActiveCfg = Debug|Any CPU
		{8C9860EC-030A-4BD7-87E2-9A29E376C160}.DebugDLL|Mixed Platforms.Build.0 = Debug|Any CPU
		{8C9860EC-030A-4BD7-87E2-9A29E376C160}.DebugDLL|Win32.ActiveCfg = Debug|Any CPU
		{8C9860EC-030A-4BD7-87E2-9A29E376C160}.DebugDLL|x64.ActiveCfg = Debug|Any CPU
		{8C9860EC-030A-4BD7-87E2-9A29E376C160}.MinSizeRel|Any CPU.ActiveCfg = Release|Any CPU
		{8C9860EC-030A-4BD7-87E2-9A29E376C160}.MinSizeRel|Any CPU.Build.0 = Release|Any CPU
		{8C9860EC-030A-4BD7-87E2-9A29E376C160}.MinSizeRel|Mixed Platforms.ActiveCfg = Release|Any CPU
		{8C9860EC-030A-4BD7-87E2-9A29E376C160}.MinSizeRel|Mixed Platforms.Build.0 = Release|Any CPU
		{8C9860EC-030A-4BD7-87E2-9A29E376C160}.MinSizeRel|Win32.ActiveCfg = Release|Any CPU
		{8C9860EC-030A-4BD7-87E2-9A29E376C160}.MinSizeRel|x64.ActiveCfg = Release|Any CPU
		{8C9860EC-030A-4BD7-87E2-9A29E376C160}.Release|Any CPU.ActiveCfg = Release|Any CPU
		{8C9860EC-030A-4BD7-87E2-9A29E376C160}.Release|Any CPU.Build.0 = Release|Any CPU
		{8C9860EC-030A-4BD7-87E2-9A29E376C160}.Release|Mixed Platforms.ActiveCfg = Release|Any CPU
		{8C9860EC-030A-4BD7-87E2-9A29E376C160}.Release|Mixed Platforms.Build.0 = Release|Any CPU
		{8C9860EC-030A-4BD7-87E2-9A29E376C160}.Release|Win32.ActiveCfg = Release|Any CPU
		{8C9860EC-030A-4BD7-87E2-9A29E376C160}.Release|x64.ActiveCfg = Release|Any CPU
		{8C9860EC-030A-4BD7-87E2-9A29E376C160}.RelWithDebInfo|Any CPU.ActiveCfg = Release|Any CPU
		{8C9860EC-030A-4BD7-87E2-9A29E376C160}.RelWithDebInfo|Any CPU.Build.0 = Release|Any CPU
		{8C9860EC-030A-4BD7-87E2-9A29E376C160}.RelWithDebInfo|Mixed Platforms.ActiveCfg = Release|Any CPU
		{8C9860EC-030A-4BD7-87E2-9A29E376C160}.RelWithDebInfo|Mixed Platforms.Build.0 = Release|Any CPU
		{8C9860EC-030A-4BD7-87E2-9A29E376C160}.RelWithDebInfo|Win32.ActiveCfg = Release|Any CPU
		{8C9860EC-030A-4BD7-87E2-9A29E376C160}.RelWithDebInfo|x64.ActiveCfg = Release|Any CPU
		{ED62EE5C-53A6-40BB-ABA9-61FB0B091E0D}.Debug|Any CPU.ActiveCfg = Debug|Any CPU
		{ED62EE5C-53A6-40BB-ABA9-61FB0B091E0D}.Debug|Any CPU.Build.0 = Debug|Any CPU
		{ED62EE5C-53A6-40BB-ABA9-61FB0B091E0D}.Debug|Mixed Platforms.ActiveCfg = Debug|Any CPU
		{ED62EE5C-53A6-40BB-ABA9-61FB0B091E0D}.Debug|Mixed Platforms.Build.0 = Debug|Any CPU
		{ED62EE5C-53A6-40BB-ABA9-61FB0B091E0D}.Debug|Win32.ActiveCfg = Debug|Any CPU
		{ED62EE5C-53A6-40BB-ABA9-61FB0B091E0D}.Debug|x64.ActiveCfg = Debug|Any CPU
		{ED62EE5C-53A6-40BB-ABA9-61FB0B091E0D}.DebugDLL|Any CPU.ActiveCfg = Debug|Any CPU
		{ED62EE5C-53A6-40BB-ABA9-61FB0B091E0D}.DebugDLL|Any CPU.Build.0 = Debug|Any CPU
		{ED62EE5C-53A6-40BB-ABA9-61FB0B091E0D}.DebugDLL|Mixed Platforms.ActiveCfg = Debug|Any CPU
		{ED62EE5C-53A6-40BB-ABA9-61FB0B091E0D}.DebugDLL|Mixed Platforms.Build.0 = Debug|Any CPU
		{ED62EE5C-53A6-40BB-ABA9-61FB0B091E0D}.DebugDLL|Win32.ActiveCfg = Debug|Any CPU
		{ED62EE5C-53A6-40BB-ABA9-61FB0B091E0D}.DebugDLL|x64.ActiveCfg = Debug|Any CPU
		{ED62EE5C-53A6-40BB-ABA9-61FB0B091E0D}.MinSizeRel|Any CPU.ActiveCfg = Release|Any CPU
		{ED62EE5C-53A6-40BB-ABA9-61FB0B091E0D}.MinSizeRel|Any CPU.Build.0 = Release|Any CPU
		{ED62EE5C-53A6-40BB-ABA9-61FB0B091E0D}.MinSizeRel|Mixed Platforms.ActiveCfg = Release|Any CPU
		{ED62EE5C-53A6-40BB-ABA9-61FB0B091E0D}.MinSizeRel|Mixed Platforms.Build.0 = Release|Any CPU
		{ED62EE5C-53A6-40BB-ABA9-61FB0B091E0D}.MinSizeRel|Win32.ActiveCfg = Release|Any CPU
		{ED62EE5C-53A6-40BB-ABA9-61FB0B091E0D}.MinSizeRel|x64.ActiveCfg = Release|Any CPU
		{ED62EE5C-53A6-40BB-ABA9-61FB0B091E0D}.Release|Any CPU.ActiveCfg = Release|Any CPU
		{ED62EE5C-53A6-40BB-ABA9-61FB0B091E0D}.Release|Any CPU.Build.0 = Release|Any CPU
		{ED62EE5C-53A6-40BB-ABA9-61FB0B091E0D}.Release|Mixed Platforms.ActiveCfg = Release|Any CPU
		{ED62EE5C-53A6-40BB-ABA9-61FB0B091E0D}.Release|Mixed Platforms.Build.0 = Release|Any CPU
		{ED62EE5C-53A6-40BB-ABA9-61FB0B091E0D}.Release|Win32.ActiveCfg = Release|Any CPU
		{ED62EE5C-53A6-40BB-ABA9-61FB0B091E0D}.Release|x64.ActiveCfg = Release|Any CPU
		{ED62EE5C-53A6-40BB-ABA9-61FB0B091E0D}.RelWithDebInfo|Any CPU.ActiveCfg = Release|Any CPU
		{ED62EE5C-53A6-40BB-ABA9-61FB0B091E0D}.RelWithDebInfo|Any CPU.Build.0 = Release|Any CPU
		{ED62EE5C-53A6-40BB-ABA9-61FB0B091E0D}.RelWithDebInfo|Mixed Platforms.ActiveCfg = Release|Any CPU
		{ED62EE5C-53A6-40BB-ABA9-61FB0B091E0D}.RelWithDebInfo|Mixed Platforms.Build.0 = Release|Any CPU
		{ED62EE5C-53A6-40BB-ABA9-61FB0B091E0D}.RelWithDebInfo|Win32.ActiveCfg = Release|Any CPU
		{ED62EE5C-53A6-40BB-ABA9-61FB0B091E0D}.RelWithDebInfo|x64.ActiveCfg = Release|Any CPU
		{57ABDB7E-8509-44E4-8435-603A375B9F09}.Debug|Any CPU.ActiveCfg = Debug|Any CPU
		{57ABDB7E-8509-44E4-8435-603A375B9F09}.Debug|Any CPU.Build.0 = Debug|Any CPU
		{57ABDB7E-8509-44E4-8435-603A375B9F09}.Debug|Mixed Platforms.ActiveCfg = Debug|Any CPU
		{57ABDB7E-8509-44E4-8435-603A375B9F09}.Debug|Mixed Platforms.Build.0 = Debug|Any CPU
		{57ABDB7E-8509-44E4-8435-603A375B9F09}.Debug|Win32.ActiveCfg = Debug|Any CPU
		{57ABDB7E-8509-44E4-8435-603A375B9F09}.Debug|x64.ActiveCfg = Debug|Any CPU
		{57ABDB7E-8509-44E4-8435-603A375B9F09}.DebugDLL|Any CPU.ActiveCfg = Debug|Any CPU
		{57ABDB7E-8509-44E4-8435-603A375B9F09}.DebugDLL|Any CPU.Build.0 = Debug|Any CPU
		{57ABDB7E-8509-44E4-8435-603A375B9F09}.DebugDLL|Mixed Platforms.ActiveCfg = Debug|Any CPU
		{57ABDB7E-8509-44E4-8435-603A375B9F09}.DebugDLL|Mixed Platforms.Build.0 = Debug|Any CPU
		{57ABDB7E-8509-44E4-8435-603A375B9F09}.DebugDLL|Win32.ActiveCfg = Debug|Any CPU
		{57ABDB7E-8509-44E4-8435-603A375B9F09}.DebugDLL|x64.ActiveCfg = Debug|Any CPU
		{57ABDB7E-8509-44E4-8435-603A375B9F09}.MinSizeRel|Any CPU.ActiveCfg = Release|Any CPU
		{57ABDB7E-8509-44E4-8435-603A375B9F09}.MinSizeRel|Any CPU.Build.0 = Release|Any CPU
		{57ABDB7E-8509-44E4-8435-603A375B9F09}.MinSizeRel|Mixed Platforms.ActiveCfg = Release|Any CPU
		{57ABDB7E-8509-44E4-8435-603A375B9F09}.MinSizeRel|Mixed Platforms.Build.0 = Release|Any CPU
		{57ABDB7E-8509-44E4-8435-603A375B9F09}.MinSizeRel|Win32.ActiveCfg = Release|Any CPU
		{57ABDB7E-8509-44E4-8435-603A375B9F09}.MinSizeRel|x64.ActiveCfg = Release|Any CPU
		{57ABDB7E-8509-44E4-8435-603A375B9F09}.Release|Any CPU.ActiveCfg = Release|Any CPU
		{57ABDB7E-8509-44E4-8435-603A375B9F09}.Release|Any CPU.Build.0 = Release|Any CPU
		{57ABDB7E-8509-44E4-8435-603A375B9F09}.Release|Mixed Platforms.ActiveCfg = Release|Any CPU
		{57ABDB7E-8509-44E4-8435-603A375B9F09}.Release|Mixed Platforms.Build.0 = Release|Any CPU
		{57ABDB7E-8509-44E4-8435-603A375B9F09}.Release|Win32.ActiveCfg = Release|Any CPU
		{57ABDB7E-8509-44E4-8435-603A375B9F09}.Release|x64.ActiveCfg = Release|Any CPU
		{57ABDB7E-8509-44E4-8435-603A375B9F09}.RelWithDebInfo|Any CPU.ActiveCfg = Release|Any CPU
		{57ABDB7E-8509-44E4-8435-603A375B9F09}.RelWithDebInfo|Any CPU.Build.0 = Release|Any CPU
		{57ABDB7E-8509-44E4-8435-603A375B9F09}.RelWithDebInfo|Mixed Platforms.ActiveCfg = Release|Any CPU
		{57ABDB7E-8509-44E4-8435-603A375B9F09}.RelWithDebInfo|Mixed Platforms.Build.0 = Release|Any CPU
		{57ABDB7E-8509-44E4-8435-603A375B9F09}.RelWithDebInfo|Win32.ActiveCfg = Release|Any CPU
		{57ABDB7E-8509-44E4-8435-603A375B9F09}.RelWithDebInfo|x64.ActiveCfg = Release|Any CPU
		{47091F6C-B9E4-4FBD-B273-25D86736E8FA}.Debug|Any CPU.ActiveCfg = Debug|Any CPU
		{47091F6C-B9E4-4FBD-B273-25D86736E8FA}.Debug|Any CPU.Build.0 = Debug|Any CPU
		{47091F6C-B9E4-4FBD-B273-25D86736E8FA}.Debug|Mixed Platforms.ActiveCfg = Debug|Any CPU
		{47091F6C-B9E4-4FBD-B273-25D86736E8FA}.Debug|Mixed Platforms.Build.0 = Debug|Any CPU
		{47091F6C-B9E4-4FBD-B273-25D86736E8FA}.Debug|Win32.ActiveCfg = Debug|Any CPU
		{47091F6C-B9E4-4FBD-B273-25D86736E8FA}.Debug|x64.ActiveCfg = Debug|Any CPU
		{47091F6C-B9E4-4FBD-B273-25D86736E8FA}.DebugDLL|Any CPU.ActiveCfg = Debug|Any CPU
		{47091F6C-B9E4-4FBD-B273-25D86736E8FA}.DebugDLL|Any CPU.Build.0 = Debug|Any CPU
		{47091F6C-B9E4-4FBD-B273-25D86736E8FA}.DebugDLL|Mixed Platforms.ActiveCfg = Debug|Any CPU
		{47091F6C-B9E4-4FBD-B273-25D86736E8FA}.DebugDLL|Mixed Platforms.Build.0 = Debug|Any CPU
		{47091F6C-B9E4-4FBD-B273-25D86736E8FA}.DebugDLL|Win32.ActiveCfg = Debug|Any CPU
		{47091F6C-B9E4-4FBD-B273-25D86736E8FA}.DebugDLL|x64.ActiveCfg = Debug|Any CPU
		{47091F6C-B9E4-4FBD-B273-25D86736E8FA}.MinSizeRel|Any CPU.ActiveCfg = Release|Any CPU
		{47091F6C-B9E4-4FBD-B273-25D86736E8FA}.MinSizeRel|Any CPU.Build.0 = Release|Any CPU
		{47091F6C-B9E4-4FBD-B273-25D86736E8FA}.MinSizeRel|Mixed Platforms.ActiveCfg = Release|Any CPU
		{47091F6C-B9E4-4FBD-B273-25D86736E8FA}.MinSizeRel|Mixed Platforms.Build.0 = Release|Any CPU
		{47091F6C-B9E4-4FBD-B273-25D86736E8FA}.MinSizeRel|Win32.ActiveCfg = Release|Any CPU
		{47091F6C-B9E4-4FBD-B273-25D86736E8FA}.MinSizeRel|x64.ActiveCfg = Release|Any CPU
		{47091F6C-B9E4-4FBD-B273-25D86736E8FA}.Release|Any CPU.ActiveCfg = Release|Any CPU
		{47091F6C-B9E4-4FBD-B273-25D86736E8FA}.Release|Any CPU.Build.0 = Release|Any CPU
		{47091F6C-B9E4-4FBD-B273-25D86736E8FA}.Release|Mixed Platforms.ActiveCfg = Release|Any CPU
		{47091F6C-B9E4-4FBD-B273-25D86736E8FA}.Release|Mixed Platforms.Build.0 = Release|Any CPU
		{47091F6C-B9E4-4FBD-B273-25D86736E8FA}.Release|Win32.ActiveCfg = Release|Any CPU
		{47091F6C-B9E4-4FBD-B273-25D86736E8FA}.Release|x64.ActiveCfg = Release|Any CPU
		{47091F6C-B9E4-4FBD-B273-25D86736E8FA}.RelWithDebInfo|Any CPU.ActiveCfg = Release|Any CPU
		{47091F6C-B9E4-4FBD-B273-25D86736E8FA}.RelWithDebInfo|Any CPU.Build.0 = Release|Any CPU
		{47091F6C-B9E4-4FBD-B273-25D86736E8FA}.RelWithDebInfo|Mixed Platforms.ActiveCfg = Release|Any CPU
		{47091F6C-B9E4-4FBD-B273-25D86736E8FA}.RelWithDebInfo|Mixed Platforms.Build.0 = Release|Any CPU
		{47091F6C-B9E4-4FBD-B273-25D86736E8FA}.RelWithDebInfo|Win32.ActiveCfg = Release|Any CPU
		{47091F6C-B9E4-4FBD-B273-25D86736E8FA}.RelWithDebInfo|x64.ActiveCfg = Release|Any CPU
		{B9C61B4A-95E9-4D3A-96B7-4FEEFFFE3935}.Debug|Any CPU.ActiveCfg = Debug|Any CPU
		{B9C61B4A-95E9-4D3A-96B7-4FEEFFFE3935}.Debug|Any CPU.Build.0 = Debug|Any CPU
		{B9C61B4A-95E9-4D3A-96B7-4FEEFFFE3935}.Debug|Mixed Platforms.ActiveCfg = Debug|Any CPU
		{B9C61B4A-95E9-4D3A-96B7-4FEEFFFE3935}.Debug|Mixed Platforms.Build.0 = Debug|Any CPU
		{B9C61B4A-95E9-4D3A-96B7-4FEEFFFE3935}.Debug|Win32.ActiveCfg = Debug|Any CPU
		{B9C61B4A-95E9-4D3A-96B7-4FEEFFFE3935}.Debug|x64.ActiveCfg = Debug|Any CPU
		{B9C61B4A-95E9-4D3A-96B7-4FEEFFFE3935}.DebugDLL|Any CPU.ActiveCfg = Debug|Any CPU
		{B9C61B4A-95E9-4D3A-96B7-4FEEFFFE3935}.DebugDLL|Any CPU.Build.0 = Debug|Any CPU
		{B9C61B4A-95E9-4D3A-96B7-4FEEFFFE3935}.DebugDLL|Mixed Platforms.ActiveCfg = Debug|Any CPU
		{B9C61B4A-95E9-4D3A-96B7-4FEEFFFE3935}.DebugDLL|Mixed Platforms.Build.0 = Debug|Any CPU
		{B9C61B4A-95E9-4D3A-96B7-4FEEFFFE3935}.DebugDLL|Win32.ActiveCfg = Debug|Any CPU
		{B9C61B4A-95E9-4D3A-96B7-4FEEFFFE3935}.DebugDLL|x64.ActiveCfg = Debug|Any CPU
		{B9C61B4A-95E9-4D3A-96B7-4FEEFFFE3935}.MinSizeRel|Any CPU.ActiveCfg = Release|Any CPU
		{B9C61B4A-95E9-4D3A-96B7-4FEEFFFE3935}.MinSizeRel|Any CPU.Build.0 = Release|Any CPU
		{B9C61B4A-95E9-4D3A-96B7-4FEEFFFE3935}.MinSizeRel|Mixed Platforms.ActiveCfg = Release|Any CPU
		{B9C61B4A-95E9-4D3A-96B7-4FEEFFFE3935}.MinSizeRel|Mixed Platforms.Build.0 = Release|Any CPU
		{B9C61B4A-95E9-4D3A-96B7-4FEEFFFE3935}.MinSizeRel|Win32.ActiveCfg = Release|Any CPU
		{B9C61B4A-95E9-4D3A-96B7-4FEEFFFE3935}.MinSizeRel|x64.ActiveCfg = Release|Any CPU
		{B9C61B4A-95E9-4D3A-96B7-4FEEFFFE3935}.Release|Any CPU.ActiveCfg = Release|Any CPU
		{B9C61B4A-95E9-4D3A-96B7-4FEEFFFE3935}.Release|Any CPU.Build.0 = Release|Any CPU
		{B9C61B4A-95E9-4D3A-96B7-4FEEFFFE3935}.Release|Mixed Platforms.ActiveCfg = Release|Any CPU
		{B9C61B4A-95E9-4D3A-96B7-4FEEFFFE3935}.Release|Mixed Platforms.Build.0 = Release|Any CPU
		{B9C61B4A-95E9-4D3A-96B7-4FEEFFFE3935}.Release|Win32.ActiveCfg = Release|Any CPU
		{B9C61B4A-95E9-4D3A-96B7-4FEEFFFE3935}.Release|x64.ActiveCfg = Release|Any CPU
		{B9C61B4A-95E9-4D3A-96B7-4FEEFFFE3935}.RelWithDebInfo|Any CPU.ActiveCfg = Release|Any CPU
		{B9C61B4A-95E9-4D3A-96B7-4FEEFFFE3935}.RelWithDebInfo|Any CPU.Build.0 = Release|Any CPU
		{B9C61B4A-95E9-4D3A-96B7-4FEEFFFE3935}.RelWithDebInfo|Mixed Platforms.ActiveCfg = Release|Any CPU
		{B9C61B4A-95E9-4D3A-96B7-4FEEFFFE3935}.RelWithDebInfo|Mixed Platforms.Build.0 = Release|Any CPU
		{B9C61B4A-95E9-4D3A-96B7-4FEEFFFE3935}.RelWithDebInfo|Win32.ActiveCfg = Release|Any CPU
		{B9C61B4A-95E9-4D3A-96B7-4FEEFFFE3935}.RelWithDebInfo|x64.ActiveCfg = Release|Any CPU
	EndGlobalSection
	GlobalSection(SolutionProperties) = preSolution
		HideSolutionNode = FALSE
	EndGlobalSection
	GlobalSection(NestedProjects) = preSolution
		{3D4048E9-EC1A-4108-893E-D43B155BACE0} = {2807ED1B-3999-419B-AD27-6AE3D653A2D2}
		{86A69065-08C2-4566-BC8A-BCBF2E46393F} = {2807ED1B-3999-419B-AD27-6AE3D653A2D2}
		{D885381B-FEB1-33A5-9317-C4C05375F44D} = {2807ED1B-3999-419B-AD27-6AE3D653A2D2}
		{AE9CFE97-4E2C-4026-9933-029CA44EC20C} = {2807ED1B-3999-419B-AD27-6AE3D653A2D2}
		{3CAF2A24-C7F3-4D9F-9BD4-9A8AEB5A88DE} = {5553890B-A156-4373-9EF5-35830E210A44}
		{57A1DA8A-9202-468F-8D07-3403D6C86016} = {3CAF2A24-C7F3-4D9F-9BD4-9A8AEB5A88DE}
		{30363BC3-57CD-44B5-86C6-99F188B04416} = {3CAF2A24-C7F3-4D9F-9BD4-9A8AEB5A88DE}
		{426A776B-1E24-4C62-9FFA-80C768B0B356} = {3CAF2A24-C7F3-4D9F-9BD4-9A8AEB5A88DE}
		{03CE37ED-FD86-47AC-9614-5E634DA79480} = {5553890B-A156-4373-9EF5-35830E210A44}
		{8C9860EC-030A-4BD7-87E2-9A29E376C160} = {03CE37ED-FD86-47AC-9614-5E634DA79480}
		{ED62EE5C-53A6-40BB-ABA9-61FB0B091E0D} = {03CE37ED-FD86-47AC-9614-5E634DA79480}
		{57ABDB7E-8509-44E4-8435-603A375B9F09} = {03CE37ED-FD86-47AC-9614-5E634DA79480}
		{47091F6C-B9E4-4FBD-B273-25D86736E8FA} = {3CAF2A24-C7F3-4D9F-9BD4-9A8AEB5A88DE}
		{B9C61B4A-95E9-4D3A-96B7-4FEEFFFE3935} = {03CE37ED-FD86-47AC-9614-5E634DA79480}
	EndGlobalSection
EndGlobal
