
Microsoft Visual Studio Solution File, Format Version 12.00
# Visual Studio 2013
VisualStudioVersion = 12.0.31101.0
MinimumVisualStudioVersion = 10.0.40219.1
Project("{FAE04EC0-301F-11D3-BF4B-00C04F79EFBC}") = "Calculator", "Calculator\Calculator.csproj", "{3EB9D762-B685-46E6-A629-9267FB9AC648}"
EndProject
Project("{FAE04EC0-301F-11D3-BF4B-00C04F79EFBC}") = "CalculatorClientApp", "CalculatorClientApp\CalculatorClientApp.csproj", "{14897A23-359F-4709-80AC-E869438710BB}"
EndProject
Project("{FAE04EC0-301F-11D3-BF4B-00C04F79EFBC}") = "CalculatorServerApp", "CalculatorServerApp\CalculatorServerApp.csproj", "{21C2D341-D44B-48C1-A519-58033B39AA34}"
EndProject
Project("{8BC9CEB8-8B4A-11D0-8D11-00A0C91BC942}") = "aws-cpp-sdk-gamelift-server", "ext\aws\GameLiftServerSDK_3_1_1\build\gamelift-server-sdk\aws-cpp-sdk-gamelift-server.vcxproj", "{D885381B-FEB1-33A5-9317-C4C05375F44D}"
EndProject
Project("{2150E333-8FDC-42A3-9474-1A3956D46DE8}") = "AWS", "AWS", "{2807ED1B-3999-419B-AD27-6AE3D653A2D2}"
EndProject
Project("{FAE04EC0-301F-11D3-BF4B-00C04F79EFBC}") = "Sockets.AWSGameLiftServer", "Sockets.AWSGameLiftServer\Sockets.AWSGameLiftServer.csproj", "{86A69065-08C2-4566-BC8A-BCBF2E46393F}"
EndProject
Project("{FAE04EC0-301F-11D3-BF4B-00C04F79EFBC}") = "Sockets", "Sockets\Sockets.csproj", "{3D4048E9-EC1A-4108-893E-D43B155BACE0}"
EndProject
Project("{FAE04EC0-301F-11D3-BF4B-00C04F79EFBC}") = "Test", "Test\Test.csproj", "{BF291B40-07C5-4174-AA61-D2E863596340}"
	ProjectSection(ProjectDependencies) = postProject
		{D885381B-FEB1-33A5-9317-C4C05375F44D} = {D885381B-FEB1-33A5-9317-C4C05375F44D}
	EndProjectSection
EndProject
Global
	GlobalSection(SolutionConfigurationPlatforms) = preSolution
		Debug|Any CPU = Debug|Any CPU
		Debug|Mixed Platforms = Debug|Mixed Platforms
		Debug|x64 = Debug|x64
		MinSizeRel|Any CPU = MinSizeRel|Any CPU
		MinSizeRel|Mixed Platforms = MinSizeRel|Mixed Platforms
		MinSizeRel|x64 = MinSizeRel|x64
		Release|Any CPU = Release|Any CPU
		Release|Mixed Platforms = Release|Mixed Platforms
		Release|x64 = Release|x64
		RelWithDebInfo|Any CPU = RelWithDebInfo|Any CPU
		RelWithDebInfo|Mixed Platforms = RelWithDebInfo|Mixed Platforms
		RelWithDebInfo|x64 = RelWithDebInfo|x64
	EndGlobalSection
	GlobalSection(ProjectConfigurationPlatforms) = postSolution
		{3EB9D762-B685-46E6-A629-9267FB9AC648}.Debug|Any CPU.ActiveCfg = Debug|Any CPU
		{3EB9D762-B685-46E6-A629-9267FB9AC648}.Debug|Any CPU.Build.0 = Debug|Any CPU
		{3EB9D762-B685-46E6-A629-9267FB9AC648}.Debug|Mixed Platforms.ActiveCfg = Debug|Any CPU
		{3EB9D762-B685-46E6-A629-9267FB9AC648}.Debug|Mixed Platforms.Build.0 = Debug|Any CPU
		{3EB9D762-B685-46E6-A629-9267FB9AC648}.Debug|x64.ActiveCfg = Debug|Any CPU
		{3EB9D762-B685-46E6-A629-9267FB9AC648}.MinSizeRel|Any CPU.ActiveCfg = Release|Any CPU
		{3EB9D762-B685-46E6-A629-9267FB9AC648}.MinSizeRel|Any CPU.Build.0 = Release|Any CPU
		{3EB9D762-B685-46E6-A629-9267FB9AC648}.MinSizeRel|Mixed Platforms.ActiveCfg = Release|Any CPU
		{3EB9D762-B685-46E6-A629-9267FB9AC648}.MinSizeRel|Mixed Platforms.Build.0 = Release|Any CPU
		{3EB9D762-B685-46E6-A629-9267FB9AC648}.MinSizeRel|x64.ActiveCfg = Release|Any CPU
		{3EB9D762-B685-46E6-A629-9267FB9AC648}.Release|Any CPU.ActiveCfg = Release|Any CPU
		{3EB9D762-B685-46E6-A629-9267FB9AC648}.Release|Any CPU.Build.0 = Release|Any CPU
		{3EB9D762-B685-46E6-A629-9267FB9AC648}.Release|Mixed Platforms.ActiveCfg = Release|Any CPU
		{3EB9D762-B685-46E6-A629-9267FB9AC648}.Release|Mixed Platforms.Build.0 = Release|Any CPU
		{3EB9D762-B685-46E6-A629-9267FB9AC648}.Release|x64.ActiveCfg = Release|Any CPU
		{3EB9D762-B685-46E6-A629-9267FB9AC648}.RelWithDebInfo|Any CPU.ActiveCfg = Release|Any CPU
		{3EB9D762-B685-46E6-A629-9267FB9AC648}.RelWithDebInfo|Any CPU.Build.0 = Release|Any CPU
		{3EB9D762-B685-46E6-A629-9267FB9AC648}.RelWithDebInfo|Mixed Platforms.ActiveCfg = Release|Any CPU
		{3EB9D762-B685-46E6-A629-9267FB9AC648}.RelWithDebInfo|Mixed Platforms.Build.0 = Release|Any CPU
		{3EB9D762-B685-46E6-A629-9267FB9AC648}.RelWithDebInfo|x64.ActiveCfg = Release|Any CPU
		{14897A23-359F-4709-80AC-E869438710BB}.Debug|Any CPU.ActiveCfg = Debug|Any CPU
		{14897A23-359F-4709-80AC-E869438710BB}.Debug|Any CPU.Build.0 = Debug|Any CPU
		{14897A23-359F-4709-80AC-E869438710BB}.Debug|Mixed Platforms.ActiveCfg = Debug|Any CPU
		{14897A23-359F-4709-80AC-E869438710BB}.Debug|Mixed Platforms.Build.0 = Debug|Any CPU
		{14897A23-359F-4709-80AC-E869438710BB}.Debug|x64.ActiveCfg = Debug|Any CPU
		{14897A23-359F-4709-80AC-E869438710BB}.MinSizeRel|Any CPU.ActiveCfg = Release|Any CPU
		{14897A23-359F-4709-80AC-E869438710BB}.MinSizeRel|Any CPU.Build.0 = Release|Any CPU
		{14897A23-359F-4709-80AC-E869438710BB}.MinSizeRel|Mixed Platforms.ActiveCfg = Release|Any CPU
		{14897A23-359F-4709-80AC-E869438710BB}.MinSizeRel|Mixed Platforms.Build.0 = Release|Any CPU
		{14897A23-359F-4709-80AC-E869438710BB}.MinSizeRel|x64.ActiveCfg = Release|Any CPU
		{14897A23-359F-4709-80AC-E869438710BB}.Release|Any CPU.ActiveCfg = Release|Any CPU
		{14897A23-359F-4709-80AC-E869438710BB}.Release|Any CPU.Build.0 = Release|Any CPU
		{14897A23-359F-4709-80AC-E869438710BB}.Release|Mixed Platforms.ActiveCfg = Release|Any CPU
		{14897A23-359F-4709-80AC-E869438710BB}.Release|Mixed Platforms.Build.0 = Release|Any CPU
		{14897A23-359F-4709-80AC-E869438710BB}.Release|x64.ActiveCfg = Release|Any CPU
		{14897A23-359F-4709-80AC-E869438710BB}.RelWithDebInfo|Any CPU.ActiveCfg = Release|Any CPU
		{14897A23-359F-4709-80AC-E869438710BB}.RelWithDebInfo|Any CPU.Build.0 = Release|Any CPU
		{14897A23-359F-4709-80AC-E869438710BB}.RelWithDebInfo|Mixed Platforms.ActiveCfg = Release|Any CPU
		{14897A23-359F-4709-80AC-E869438710BB}.RelWithDebInfo|Mixed Platforms.Build.0 = Release|Any CPU
		{14897A23-359F-4709-80AC-E869438710BB}.RelWithDebInfo|x64.ActiveCfg = Release|Any CPU
		{21C2D341-D44B-48C1-A519-58033B39AA34}.Debug|Any CPU.ActiveCfg = Debug|Any CPU
		{21C2D341-D44B-48C1-A519-58033B39AA34}.Debug|Any CPU.Build.0 = Debug|Any CPU
		{21C2D341-D44B-48C1-A519-58033B39AA34}.Debug|Mixed Platforms.ActiveCfg = Debug|Any CPU
		{21C2D341-D44B-48C1-A519-58033B39AA34}.Debug|Mixed Platforms.Build.0 = Debug|Any CPU
		{21C2D341-D44B-48C1-A519-58033B39AA34}.Debug|x64.ActiveCfg = Debug|Any CPU
		{21C2D341-D44B-48C1-A519-58033B39AA34}.MinSizeRel|Any CPU.ActiveCfg = Release|Any CPU
		{21C2D341-D44B-48C1-A519-58033B39AA34}.MinSizeRel|Any CPU.Build.0 = Release|Any CPU
		{21C2D341-D44B-48C1-A519-58033B39AA34}.MinSizeRel|Mixed Platforms.ActiveCfg = Release|Any CPU
		{21C2D341-D44B-48C1-A519-58033B39AA34}.MinSizeRel|Mixed Platforms.Build.0 = Release|Any CPU
		{21C2D341-D44B-48C1-A519-58033B39AA34}.MinSizeRel|x64.ActiveCfg = Release|Any CPU
		{21C2D341-D44B-48C1-A519-58033B39AA34}.Release|Any CPU.ActiveCfg = Release|Any CPU
		{21C2D341-D44B-48C1-A519-58033B39AA34}.Release|Any CPU.Build.0 = Release|Any CPU
		{21C2D341-D44B-48C1-A519-58033B39AA34}.Release|Mixed Platforms.ActiveCfg = Release|Any CPU
		{21C2D341-D44B-48C1-A519-58033B39AA34}.Release|Mixed Platforms.Build.0 = Release|Any CPU
		{21C2D341-D44B-48C1-A519-58033B39AA34}.Release|x64.ActiveCfg = Release|Any CPU
		{21C2D341-D44B-48C1-A519-58033B39AA34}.RelWithDebInfo|Any CPU.ActiveCfg = Release|Any CPU
		{21C2D341-D44B-48C1-A519-58033B39AA34}.RelWithDebInfo|Any CPU.Build.0 = Release|Any CPU
		{21C2D341-D44B-48C1-A519-58033B39AA34}.RelWithDebInfo|Mixed Platforms.ActiveCfg = Release|Any CPU
		{21C2D341-D44B-48C1-A519-58033B39AA34}.RelWithDebInfo|Mixed Platforms.Build.0 = Release|Any CPU
		{21C2D341-D44B-48C1-A519-58033B39AA34}.RelWithDebInfo|x64.ActiveCfg = Release|Any CPU
		{D885381B-FEB1-33A5-9317-C4C05375F44D}.Debug|Any CPU.ActiveCfg = Debug|x64
		{D885381B-FEB1-33A5-9317-C4C05375F44D}.Debug|Mixed Platforms.ActiveCfg = DebugDLL|x64
		{D885381B-FEB1-33A5-9317-C4C05375F44D}.Debug|Mixed Platforms.Build.0 = DebugDLL|x64
		{D885381B-FEB1-33A5-9317-C4C05375F44D}.Debug|x64.ActiveCfg = Debug|x64
		{D885381B-FEB1-33A5-9317-C4C05375F44D}.Debug|x64.Build.0 = Debug|x64
		{D885381B-FEB1-33A5-9317-C4C05375F44D}.MinSizeRel|Any CPU.ActiveCfg = MinSizeRel|x64
		{D885381B-FEB1-33A5-9317-C4C05375F44D}.MinSizeRel|Mixed Platforms.ActiveCfg = MinSizeRel|x64
		{D885381B-FEB1-33A5-9317-C4C05375F44D}.MinSizeRel|Mixed Platforms.Build.0 = MinSizeRel|x64
		{D885381B-FEB1-33A5-9317-C4C05375F44D}.MinSizeRel|x64.ActiveCfg = MinSizeRel|x64
		{D885381B-FEB1-33A5-9317-C4C05375F44D}.MinSizeRel|x64.Build.0 = MinSizeRel|x64
		{D885381B-FEB1-33A5-9317-C4C05375F44D}.Release|Any CPU.ActiveCfg = Release|x64
		{D885381B-FEB1-33A5-9317-C4C05375F44D}.Release|Mixed Platforms.ActiveCfg = Release|x64
		{D885381B-FEB1-33A5-9317-C4C05375F44D}.Release|Mixed Platforms.Build.0 = Release|x64
		{D885381B-FEB1-33A5-9317-C4C05375F44D}.Release|x64.ActiveCfg = Release|x64
		{D885381B-FEB1-33A5-9317-C4C05375F44D}.Release|x64.Build.0 = Release|x64
		{D885381B-FEB1-33A5-9317-C4C05375F44D}.RelWithDebInfo|Any CPU.ActiveCfg = RelWithDebInfo|x64
		{D885381B-FEB1-33A5-9317-C4C05375F44D}.RelWithDebInfo|Mixed Platforms.ActiveCfg = RelWithDebInfo|x64
		{D885381B-FEB1-33A5-9317-C4C05375F44D}.RelWithDebInfo|Mixed Platforms.Build.0 = RelWithDebInfo|x64
		{D885381B-FEB1-33A5-9317-C4C05375F44D}.RelWithDebInfo|x64.ActiveCfg = RelWithDebInfo|x64
		{D885381B-FEB1-33A5-9317-C4C05375F44D}.RelWithDebInfo|x64.Build.0 = RelWithDebInfo|x64
		{86A69065-08C2-4566-BC8A-BCBF2E46393F}.Debug|Any CPU.ActiveCfg = Debug|Any CPU
		{86A69065-08C2-4566-BC8A-BCBF2E46393F}.Debug|Any CPU.Build.0 = Debug|Any CPU
		{86A69065-08C2-4566-BC8A-BCBF2E46393F}.Debug|Mixed Platforms.ActiveCfg = Debug|Any CPU
		{86A69065-08C2-4566-BC8A-BCBF2E46393F}.Debug|Mixed Platforms.Build.0 = Debug|Any CPU
		{86A69065-08C2-4566-BC8A-BCBF2E46393F}.Debug|x64.ActiveCfg = Debug|Any CPU
		{86A69065-08C2-4566-BC8A-BCBF2E46393F}.MinSizeRel|Any CPU.ActiveCfg = Release|Any CPU
		{86A69065-08C2-4566-BC8A-BCBF2E46393F}.MinSizeRel|Any CPU.Build.0 = Release|Any CPU
		{86A69065-08C2-4566-BC8A-BCBF2E46393F}.MinSizeRel|Mixed Platforms.ActiveCfg = Release|Any CPU
		{86A69065-08C2-4566-BC8A-BCBF2E46393F}.MinSizeRel|Mixed Platforms.Build.0 = Release|Any CPU
		{86A69065-08C2-4566-BC8A-BCBF2E46393F}.MinSizeRel|x64.ActiveCfg = Release|Any CPU
		{86A69065-08C2-4566-BC8A-BCBF2E46393F}.Release|Any CPU.ActiveCfg = Release|Any CPU
		{86A69065-08C2-4566-BC8A-BCBF2E46393F}.Release|Any CPU.Build.0 = Release|Any CPU
		{86A69065-08C2-4566-BC8A-BCBF2E46393F}.Release|Mixed Platforms.ActiveCfg = Release|Any CPU
		{86A69065-08C2-4566-BC8A-BCBF2E46393F}.Release|Mixed Platforms.Build.0 = Release|Any CPU
		{86A69065-08C2-4566-BC8A-BCBF2E46393F}.Release|x64.ActiveCfg = Release|Any CPU
		{86A69065-08C2-4566-BC8A-BCBF2E46393F}.RelWithDebInfo|Any CPU.ActiveCfg = Release|Any CPU
		{86A69065-08C2-4566-BC8A-BCBF2E46393F}.RelWithDebInfo|Any CPU.Build.0 = Release|Any CPU
		{86A69065-08C2-4566-BC8A-BCBF2E46393F}.RelWithDebInfo|Mixed Platforms.ActiveCfg = Release|Any CPU
		{86A69065-08C2-4566-BC8A-BCBF2E46393F}.RelWithDebInfo|Mixed Platforms.Build.0 = Release|Any CPU
		{86A69065-08C2-4566-BC8A-BCBF2E46393F}.RelWithDebInfo|x64.ActiveCfg = Release|Any CPU
		{3D4048E9-EC1A-4108-893E-D43B155BACE0}.Debug|Any CPU.ActiveCfg = Debug|Any CPU
		{3D4048E9-EC1A-4108-893E-D43B155BACE0}.Debug|Any CPU.Build.0 = Debug|Any CPU
		{3D4048E9-EC1A-4108-893E-D43B155BACE0}.Debug|Mixed Platforms.ActiveCfg = Debug|Any CPU
		{3D4048E9-EC1A-4108-893E-D43B155BACE0}.Debug|Mixed Platforms.Build.0 = Debug|Any CPU
		{3D4048E9-EC1A-4108-893E-D43B155BACE0}.Debug|x64.ActiveCfg = Debug|Any CPU
		{3D4048E9-EC1A-4108-893E-D43B155BACE0}.MinSizeRel|Any CPU.ActiveCfg = Release|Any CPU
		{3D4048E9-EC1A-4108-893E-D43B155BACE0}.MinSizeRel|Any CPU.Build.0 = Release|Any CPU
		{3D4048E9-EC1A-4108-893E-D43B155BACE0}.MinSizeRel|Mixed Platforms.ActiveCfg = Release|Any CPU
		{3D4048E9-EC1A-4108-893E-D43B155BACE0}.MinSizeRel|Mixed Platforms.Build.0 = Release|Any CPU
		{3D4048E9-EC1A-4108-893E-D43B155BACE0}.MinSizeRel|x64.ActiveCfg = Release|Any CPU
		{3D4048E9-EC1A-4108-893E-D43B155BACE0}.Release|Any CPU.ActiveCfg = Release|Any CPU
		{3D4048E9-EC1A-4108-893E-D43B155BACE0}.Release|Any CPU.Build.0 = Release|Any CPU
		{3D4048E9-EC1A-4108-893E-D43B155BACE0}.Release|Mixed Platforms.ActiveCfg = Release|Any CPU
		{3D4048E9-EC1A-4108-893E-D43B155BACE0}.Release|Mixed Platforms.Build.0 = Release|Any CPU
		{3D4048E9-EC1A-4108-893E-D43B155BACE0}.Release|x64.ActiveCfg = Release|Any CPU
		{3D4048E9-EC1A-4108-893E-D43B155BACE0}.RelWithDebInfo|Any CPU.ActiveCfg = Release|Any CPU
		{3D4048E9-EC1A-4108-893E-D43B155BACE0}.RelWithDebInfo|Any CPU.Build.0 = Release|Any CPU
		{3D4048E9-EC1A-4108-893E-D43B155BACE0}.RelWithDebInfo|Mixed Platforms.ActiveCfg = Release|Any CPU
		{3D4048E9-EC1A-4108-893E-D43B155BACE0}.RelWithDebInfo|Mixed Platforms.Build.0 = Release|Any CPU
		{3D4048E9-EC1A-4108-893E-D43B155BACE0}.RelWithDebInfo|x64.ActiveCfg = Release|Any CPU
		{BF291B40-07C5-4174-AA61-D2E863596340}.Debug|Any CPU.ActiveCfg = Debug|Any CPU
		{BF291B40-07C5-4174-AA61-D2E863596340}.Debug|Any CPU.Build.0 = Debug|Any CPU
		{BF291B40-07C5-4174-AA61-D2E863596340}.Debug|Mixed Platforms.ActiveCfg = Debug|Any CPU
		{BF291B40-07C5-4174-AA61-D2E863596340}.Debug|Mixed Platforms.Build.0 = Debug|Any CPU
		{BF291B40-07C5-4174-AA61-D2E863596340}.Debug|x64.ActiveCfg = Debug|Any CPU
		{BF291B40-07C5-4174-AA61-D2E863596340}.MinSizeRel|Any CPU.ActiveCfg = Release|Any CPU
		{BF291B40-07C5-4174-AA61-D2E863596340}.MinSizeRel|Any CPU.Build.0 = Release|Any CPU
		{BF291B40-07C5-4174-AA61-D2E863596340}.MinSizeRel|Mixed Platforms.ActiveCfg = Release|Any CPU
		{BF291B40-07C5-4174-AA61-D2E863596340}.MinSizeRel|Mixed Platforms.Build.0 = Release|Any CPU
		{BF291B40-07C5-4174-AA61-D2E863596340}.MinSizeRel|x64.ActiveCfg = Release|Any CPU
		{BF291B40-07C5-4174-AA61-D2E863596340}.Release|Any CPU.ActiveCfg = Release|Any CPU
		{BF291B40-07C5-4174-AA61-D2E863596340}.Release|Any CPU.Build.0 = Release|Any CPU
		{BF291B40-07C5-4174-AA61-D2E863596340}.Release|Mixed Platforms.ActiveCfg = Release|Any CPU
		{BF291B40-07C5-4174-AA61-D2E863596340}.Release|Mixed Platforms.Build.0 = Release|Any CPU
		{BF291B40-07C5-4174-AA61-D2E863596340}.Release|x64.ActiveCfg = Release|Any CPU
		{BF291B40-07C5-4174-AA61-D2E863596340}.RelWithDebInfo|Any CPU.ActiveCfg = Release|Any CPU
		{BF291B40-07C5-4174-AA61-D2E863596340}.RelWithDebInfo|Any CPU.Build.0 = Release|Any CPU
		{BF291B40-07C5-4174-AA61-D2E863596340}.RelWithDebInfo|Mixed Platforms.ActiveCfg = Release|Any CPU
		{BF291B40-07C5-4174-AA61-D2E863596340}.RelWithDebInfo|Mixed Platforms.Build.0 = Release|Any CPU
		{BF291B40-07C5-4174-AA61-D2E863596340}.RelWithDebInfo|x64.ActiveCfg = Release|Any CPU
	EndGlobalSection
	GlobalSection(SolutionProperties) = preSolution
		HideSolutionNode = FALSE
	EndGlobalSection
	GlobalSection(NestedProjects) = preSolution
		{D885381B-FEB1-33A5-9317-C4C05375F44D} = {2807ED1B-3999-419B-AD27-6AE3D653A2D2}
	EndGlobalSection
EndGlobal
